// !$*UTF8*$!
{
	archiveVersion = 1;
	classes = {
	};
	objectVersion = 46;
	objects = {

/* Begin PBXBuildFile section */
		EC1BF460199B2130009BD2F4 /* Foundation.framework in Frameworks */ = {isa = PBXBuildFile; fileRef = EC1BF45F199B2130009BD2F4 /* Foundation.framework */; };
		EC1BF462199B2130009BD2F4 /* CoreGraphics.framework in Frameworks */ = {isa = PBXBuildFile; fileRef = EC1BF461199B2130009BD2F4 /* CoreGraphics.framework */; };
		EC1BF464199B2130009BD2F4 /* UIKit.framework in Frameworks */ = {isa = PBXBuildFile; fileRef = EC1BF463199B2130009BD2F4 /* UIKit.framework */; };
		EC1BF46A199B2130009BD2F4 /* InfoPlist.strings in Resources */ = {isa = PBXBuildFile; fileRef = EC1BF468199B2130009BD2F4 /* InfoPlist.strings */; };
		EC1BF46C199B2130009BD2F4 /* main.m in Sources */ = {isa = PBXBuildFile; fileRef = EC1BF46B199B2130009BD2F4 /* main.m */; };
		EC1BF470199B2130009BD2F4 /* BTYAppDelegate.m in Sources */ = {isa = PBXBuildFile; fileRef = EC1BF46F199B2130009BD2F4 /* BTYAppDelegate.m */; };
		EC1BF473199B2130009BD2F4 /* Main.storyboard in Resources */ = {isa = PBXBuildFile; fileRef = EC1BF471199B2130009BD2F4 /* Main.storyboard */; };
		EC1BF476199B2130009BD2F4 /* BTYViewController.m in Sources */ = {isa = PBXBuildFile; fileRef = EC1BF475199B2130009BD2F4 /* BTYViewController.m */; };
		EC1BF478199B2130009BD2F4 /* Images.xcassets in Resources */ = {isa = PBXBuildFile; fileRef = EC1BF477199B2130009BD2F4 /* Images.xcassets */; };
		EC1BF47F199B2130009BD2F4 /* XCTest.framework in Frameworks */ = {isa = PBXBuildFile; fileRef = EC1BF47E199B2130009BD2F4 /* XCTest.framework */; };
		EC1BF480199B2130009BD2F4 /* Foundation.framework in Frameworks */ = {isa = PBXBuildFile; fileRef = EC1BF45F199B2130009BD2F4 /* Foundation.framework */; };
		EC1BF481199B2130009BD2F4 /* UIKit.framework in Frameworks */ = {isa = PBXBuildFile; fileRef = EC1BF463199B2130009BD2F4 /* UIKit.framework */; };
		EC1BF489199B2130009BD2F4 /* InfoPlist.strings in Resources */ = {isa = PBXBuildFile; fileRef = EC1BF487199B2130009BD2F4 /* InfoPlist.strings */; };
		EC1BF48B199B2130009BD2F4 /* BountyTests.m in Sources */ = {isa = PBXBuildFile; fileRef = EC1BF48A199B2130009BD2F4 /* BountyTests.m */; };
/* End PBXBuildFile section */

/* Begin PBXContainerItemProxy section */
		EC1BF482199B2130009BD2F4 /* PBXContainerItemProxy */ = {
			isa = PBXContainerItemProxy;
			containerPortal = EC1BF454199B2130009BD2F4 /* Project object */;
			proxyType = 1;
			remoteGlobalIDString = EC1BF45B199B2130009BD2F4;
			remoteInfo = Bounty;
		};
/* End PBXContainerItemProxy section */

/* Begin PBXFileReference section */
		EC1BF45C199B2130009BD2F4 /* Bounty.app */ = {isa = PBXFileReference; explicitFileType = wrapper.application; includeInIndex = 0; path = Bounty.app; sourceTree = BUILT_PRODUCTS_DIR; };
		EC1BF45F199B2130009BD2F4 /* Foundation.framework */ = {isa = PBXFileReference; lastKnownFileType = wrapper.framework; name = Foundation.framework; path = System/Library/Frameworks/Foundation.framework; sourceTree = SDKROOT; };
		EC1BF461199B2130009BD2F4 /* CoreGraphics.framework */ = {isa = PBXFileReference; lastKnownFileType = wrapper.framework; name = CoreGraphics.framework; path = System/Library/Frameworks/CoreGraphics.framework; sourceTree = SDKROOT; };
		EC1BF463199B2130009BD2F4 /* UIKit.framework */ = {isa = PBXFileReference; lastKnownFileType = wrapper.framework; name = UIKit.framework; path = System/Library/Frameworks/UIKit.framework; sourceTree = SDKROOT; };
		EC1BF467199B2130009BD2F4 /* Bounty-Info.plist */ = {isa = PBXFileReference; lastKnownFileType = text.plist.xml; path = "Bounty-Info.plist"; sourceTree = "<group>"; };
		EC1BF469199B2130009BD2F4 /* en */ = {isa = PBXFileReference; lastKnownFileType = text.plist.strings; name = en; path = en.lproj/InfoPlist.strings; sourceTree = "<group>"; };
		EC1BF46B199B2130009BD2F4 /* main.m */ = {isa = PBXFileReference; lastKnownFileType = sourcecode.c.objc; path = main.m; sourceTree = "<group>"; };
		EC1BF46D199B2130009BD2F4 /* Bounty-Prefix.pch */ = {isa = PBXFileReference; lastKnownFileType = sourcecode.c.h; path = "Bounty-Prefix.pch"; sourceTree = "<group>"; };
		EC1BF46E199B2130009BD2F4 /* BTYAppDelegate.h */ = {isa = PBXFileReference; lastKnownFileType = sourcecode.c.h; path = BTYAppDelegate.h; sourceTree = "<group>"; };
		EC1BF46F199B2130009BD2F4 /* BTYAppDelegate.m */ = {isa = PBXFileReference; lastKnownFileType = sourcecode.c.objc; path = BTYAppDelegate.m; sourceTree = "<group>"; };
		EC1BF472199B2130009BD2F4 /* Base */ = {isa = PBXFileReference; lastKnownFileType = file.storyboard; name = Base; path = Base.lproj/Main.storyboard; sourceTree = "<group>"; };
		EC1BF474199B2130009BD2F4 /* BTYViewController.h */ = {isa = PBXFileReference; lastKnownFileType = sourcecode.c.h; path = BTYViewController.h; sourceTree = "<group>"; };
		EC1BF475199B2130009BD2F4 /* BTYViewController.m */ = {isa = PBXFileReference; lastKnownFileType = sourcecode.c.objc; path = BTYViewController.m; sourceTree = "<group>"; };
		EC1BF477199B2130009BD2F4 /* Images.xcassets */ = {isa = PBXFileReference; lastKnownFileType = folder.assetcatalog; path = Images.xcassets; sourceTree = "<group>"; };
		EC1BF47D199B2130009BD2F4 /* BountyTests.xctest */ = {isa = PBXFileReference; explicitFileType = wrapper.cfbundle; includeInIndex = 0; path = BountyTests.xctest; sourceTree = BUILT_PRODUCTS_DIR; };
		EC1BF47E199B2130009BD2F4 /* XCTest.framework */ = {isa = PBXFileReference; lastKnownFileType = wrapper.framework; name = XCTest.framework; path = Library/Frameworks/XCTest.framework; sourceTree = DEVELOPER_DIR; };
		EC1BF486199B2130009BD2F4 /* BountyTests-Info.plist */ = {isa = PBXFileReference; lastKnownFileType = text.plist.xml; path = "BountyTests-Info.plist"; sourceTree = "<group>"; };
		EC1BF488199B2130009BD2F4 /* en */ = {isa = PBXFileReference; lastKnownFileType = text.plist.strings; name = en; path = en.lproj/InfoPlist.strings; sourceTree = "<group>"; };
		EC1BF48A199B2130009BD2F4 /* BountyTests.m */ = {isa = PBXFileReference; lastKnownFileType = sourcecode.c.objc; path = BountyTests.m; sourceTree = "<group>"; };
/* End PBXFileReference section */

/* Begin PBXFrameworksBuildPhase section */
		EC1BF459199B2130009BD2F4 /* Frameworks */ = {
			isa = PBXFrameworksBuildPhase;
			buildActionMask = 2147483647;
			files = (
				EC1BF462199B2130009BD2F4 /* CoreGraphics.framework in Frameworks */,
				EC1BF464199B2130009BD2F4 /* UIKit.framework in Frameworks */,
				EC1BF460199B2130009BD2F4 /* Foundation.framework in Frameworks */,
			);
			runOnlyForDeploymentPostprocessing = 0;
		};
		EC1BF47A199B2130009BD2F4 /* Frameworks */ = {
			isa = PBXFrameworksBuildPhase;
			buildActionMask = 2147483647;
			files = (
				EC1BF47F199B2130009BD2F4 /* XCTest.framework in Frameworks */,
				EC1BF481199B2130009BD2F4 /* UIKit.framework in Frameworks */,
				EC1BF480199B2130009BD2F4 /* Foundation.framework in Frameworks */,
			);
			runOnlyForDeploymentPostprocessing = 0;
		};
/* End PBXFrameworksBuildPhase section */

/* Begin PBXGroup section */
		EC1BF453199B2130009BD2F4 = {
			isa = PBXGroup;
			children = (
				EC1BF465199B2130009BD2F4 /* Bounty */,
				EC1BF484199B2130009BD2F4 /* BountyTests */,
				EC1BF45E199B2130009BD2F4 /* Frameworks */,
				EC1BF45D199B2130009BD2F4 /* Products */,
			);
			sourceTree = "<group>";
		};
		EC1BF45D199B2130009BD2F4 /* Products */ = {
			isa = PBXGroup;
			children = (
				EC1BF45C199B2130009BD2F4 /* Bounty.app */,
				EC1BF47D199B2130009BD2F4 /* BountyTests.xctest */,
			);
			name = Products;
			sourceTree = "<group>";
		};
		EC1BF45E199B2130009BD2F4 /* Frameworks */ = {
			isa = PBXGroup;
			children = (
				EC1BF45F199B2130009BD2F4 /* Foundation.framework */,
				EC1BF461199B2130009BD2F4 /* CoreGraphics.framework */,
				EC1BF463199B2130009BD2F4 /* UIKit.framework */,
				EC1BF47E199B2130009BD2F4 /* XCTest.framework */,
			);
			name = Frameworks;
			sourceTree = "<group>";
		};
		EC1BF465199B2130009BD2F4 /* Bounty */ = {
			isa = PBXGroup;
			children = (
				EC1BF46E199B2130009BD2F4 /* BTYAppDelegate.h */,
				EC1BF46F199B2130009BD2F4 /* BTYAppDelegate.m */,
				EC1BF471199B2130009BD2F4 /* Main.storyboard */,
				EC1BF474199B2130009BD2F4 /* BTYViewController.h */,
				EC1BF475199B2130009BD2F4 /* BTYViewController.m */,
				EC1BF477199B2130009BD2F4 /* Images.xcassets */,
				EC1BF466199B2130009BD2F4 /* Supporting Files */,
			);
			path = Bounty;
			sourceTree = "<group>";
		};
		EC1BF466199B2130009BD2F4 /* Supporting Files */ = {
			isa = PBXGroup;
			children = (
				EC1BF467199B2130009BD2F4 /* Bounty-Info.plist */,
				EC1BF468199B2130009BD2F4 /* InfoPlist.strings */,
				EC1BF46B199B2130009BD2F4 /* main.m */,
				EC1BF46D199B2130009BD2F4 /* Bounty-Prefix.pch */,
			);
			name = "Supporting Files";
			sourceTree = "<group>";
		};
		EC1BF484199B2130009BD2F4 /* BountyTests */ = {
			isa = PBXGroup;
			children = (
				EC1BF48A199B2130009BD2F4 /* BountyTests.m */,
				EC1BF485199B2130009BD2F4 /* Supporting Files */,
			);
			path = BountyTests;
			sourceTree = "<group>";
		};
		EC1BF485199B2130009BD2F4 /* Supporting Files */ = {
			isa = PBXGroup;
			children = (
				EC1BF486199B2130009BD2F4 /* BountyTests-Info.plist */,
				EC1BF487199B2130009BD2F4 /* InfoPlist.strings */,
			);
			name = "Supporting Files";
			sourceTree = "<group>";
		};
/* End PBXGroup section */

/* Begin PBXNativeTarget section */
		EC1BF45B199B2130009BD2F4 /* Bounty */ = {
			isa = PBXNativeTarget;
			buildConfigurationList = EC1BF48E199B2130009BD2F4 /* Build configuration list for PBXNativeTarget "Bounty" */;
			buildPhases = (
				EC1BF458199B2130009BD2F4 /* Sources */,
				EC1BF459199B2130009BD2F4 /* Frameworks */,
				EC1BF45A199B2130009BD2F4 /* Resources */,
			);
			buildRules = (
			);
			dependencies = (
			);
			name = Bounty;
			productName = Bounty;
			productReference = EC1BF45C199B2130009BD2F4 /* Bounty.app */;
			productType = "com.apple.product-type.application";
		};
		EC1BF47C199B2130009BD2F4 /* BountyTests */ = {
			isa = PBXNativeTarget;
			buildConfigurationList = EC1BF491199B2130009BD2F4 /* Build configuration list for PBXNativeTarget "BountyTests" */;
			buildPhases = (
				EC1BF479199B2130009BD2F4 /* Sources */,
				EC1BF47A199B2130009BD2F4 /* Frameworks */,
				EC1BF47B199B2130009BD2F4 /* Resources */,
			);
			buildRules = (
			);
			dependencies = (
				EC1BF483199B2130009BD2F4 /* PBXTargetDependency */,
			);
			name = BountyTests;
			productName = BountyTests;
			productReference = EC1BF47D199B2130009BD2F4 /* BountyTests.xctest */;
			productType = "com.apple.product-type.bundle.unit-test";
		};
/* End PBXNativeTarget section */

/* Begin PBXProject section */
		EC1BF454199B2130009BD2F4 /* Project object */ = {
			isa = PBXProject;
			attributes = {
				CLASSPREFIX = BTY;
				LastUpgradeCheck = 0510;
				ORGANIZATIONNAME = "Nathan Pabrai";
				TargetAttributes = {
					EC1BF47C199B2130009BD2F4 = {
						TestTargetID = EC1BF45B199B2130009BD2F4;
					};
				};
			};
			buildConfigurationList = EC1BF457199B2130009BD2F4 /* Build configuration list for PBXProject "Bounty" */;
			compatibilityVersion = "Xcode 3.2";
			developmentRegion = English;
			hasScannedForEncodings = 0;
			knownRegions = (
				en,
				Base,
			);
			mainGroup = EC1BF453199B2130009BD2F4;
			productRefGroup = EC1BF45D199B2130009BD2F4 /* Products */;
			projectDirPath = "";
			projectRoot = "";
			targets = (
				EC1BF45B199B2130009BD2F4 /* Bounty */,
				EC1BF47C199B2130009BD2F4 /* BountyTests */,
			);
		};
/* End PBXProject section */

/* Begin PBXResourcesBuildPhase section */
		EC1BF45A199B2130009BD2F4 /* Resources */ = {
			isa = PBXResourcesBuildPhase;
			buildActionMask = 2147483647;
			files = (
				EC1BF478199B2130009BD2F4 /* Images.xcassets in Resources */,
				EC1BF46A199B2130009BD2F4 /* InfoPlist.strings in Resources */,
				EC1BF473199B2130009BD2F4 /* Main.storyboard in Resources */,
			);
			runOnlyForDeploymentPostprocessing = 0;
		};
		EC1BF47B199B2130009BD2F4 /* Resources */ = {
			isa = PBXResourcesBuildPhase;
			buildActionMask = 2147483647;
			files = (
				EC1BF489199B2130009BD2F4 /* InfoPlist.strings in Resources */,
			);
			runOnlyForDeploymentPostprocessing = 0;
		};
/* End PBXResourcesBuildPhase section */

/* Begin PBXSourcesBuildPhase section */
		EC1BF458199B2130009BD2F4 /* Sources */ = {
			isa = PBXSourcesBuildPhase;
			buildActionMask = 2147483647;
			files = (
				EC1BF476199B2130009BD2F4 /* BTYViewController.m in Sources */,
				EC1BF470199B2130009BD2F4 /* BTYAppDelegate.m in Sources */,
				EC1BF46C199B2130009BD2F4 /* main.m in Sources */,
			);
			runOnlyForDeploymentPostprocessing = 0;
		};
		EC1BF479199B2130009BD2F4 /* Sources */ = {
			isa = PBXSourcesBuildPhase;
			buildActionMask = 2147483647;
			files = (
				EC1BF48B199B2130009BD2F4 /* BountyTests.m in Sources */,
			);
			runOnlyForDeploymentPostprocessing = 0;
		};
/* End PBXSourcesBuildPhase section */

/* Begin PBXTargetDependency section */
		EC1BF483199B2130009BD2F4 /* PBXTargetDependency */ = {
			isa = PBXTargetDependency;
			target = EC1BF45B199B2130009BD2F4 /* Bounty */;
			targetProxy = EC1BF482199B2130009BD2F4 /* PBXContainerItemProxy */;
		};
/* End PBXTargetDependency section */

/* Begin PBXVariantGroup section */
		EC1BF468199B2130009BD2F4 /* InfoPlist.strings */ = {
			isa = PBXVariantGroup;
			children = (
				EC1BF469199B2130009BD2F4 /* en */,
			);
			name = InfoPlist.strings;
			sourceTree = "<group>";
		};
		EC1BF471199B2130009BD2F4 /* Main.storyboard */ = {
			isa = PBXVariantGroup;
			children = (
				EC1BF472199B2130009BD2F4 /* Base */,
			);
			name = Main.storyboard;
			sourceTree = "<group>";
		};
		EC1BF487199B2130009BD2F4 /* InfoPlist.strings */ = {
			isa = PBXVariantGroup;
			children = (
				EC1BF488199B2130009BD2F4 /* en */,
			);
			name = InfoPlist.strings;
			sourceTree = "<group>";
		};
/* End PBXVariantGroup section */

/* Begin XCBuildConfiguration section */
		EC1BF48C199B2130009BD2F4 /* Debug */ = {
			isa = XCBuildConfiguration;
			buildSettings = {
				ALWAYS_SEARCH_USER_PATHS = NO;
				CLANG_CXX_LANGUAGE_STANDARD = "gnu++0x";
				CLANG_CXX_LIBRARY = "libc++";
				CLANG_ENABLE_MODULES = YES;
				CLANG_ENABLE_OBJC_ARC = YES;
				CLANG_WARN_BOOL_CONVERSION = YES;
				CLANG_WARN_CONSTANT_CONVERSION = YES;
				CLANG_WARN_DIRECT_OBJC_ISA_USAGE = YES_ERROR;
				CLANG_WARN_EMPTY_BODY = YES;
				CLANG_WARN_ENUM_CONVERSION = YES;
				CLANG_WARN_INT_CONVERSION = YES;
				CLANG_WARN_OBJC_ROOT_CLASS = YES_ERROR;
				CLANG_WARN__DUPLICATE_METHOD_MATCH = YES;
				"CODE_SIGN_IDENTITY[sdk=iphoneos*]" = "iPhone Developer";
				COPY_PHASE_STRIP = NO;
				GCC_C_LANGUAGE_STANDARD = gnu99;
				GCC_DYNAMIC_NO_PIC = NO;
				GCC_OPTIMIZATION_LEVEL = 0;
				GCC_PREPROCESSOR_DEFINITIONS = (
					"DEBUG=1",
					"$(inherited)",
				);
				GCC_SYMBOLS_PRIVATE_EXTERN = NO;
				GCC_WARN_64_TO_32_BIT_CONVERSION = YES;
				GCC_WARN_ABOUT_RETURN_TYPE = YES_ERROR;
				GCC_WARN_UNDECLARED_SELECTOR = YES;
				GCC_WARN_UNINITIALIZED_AUTOS = YES_AGGRESSIVE;
				GCC_WARN_UNUSED_FUNCTION = YES;
				GCC_WARN_UNUSED_VARIABLE = YES;
				IPHONEOS_DEPLOYMENT_TARGET = 7.1;
				ONLY_ACTIVE_ARCH = YES;
				SDKROOT = iphoneos;
			};
			name = Debug;
		};
		EC1BF48D199B2130009BD2F4 /* Release */ = {
			isa = XCBuildConfiguration;
			buildSettings = {
				ALWAYS_SEARCH_USER_PATHS = NO;
				CLANG_CXX_LANGUAGE_STANDARD = "gnu++0x";
				CLANG_CXX_LIBRARY = "libc++";
				CLANG_ENABLE_MODULES = YES;
				CLANG_ENABLE_OBJC_ARC = YES;
				CLANG_WARN_BOOL_CONVERSION = YES;
				CLANG_WARN_CONSTANT_CONVERSION = YES;
				CLANG_WARN_DIRECT_OBJC_ISA_USAGE = YES_ERROR;
				CLANG_WARN_EMPTY_BODY = YES;
				CLANG_WARN_ENUM_CONVERSION = YES;
				CLANG_WARN_INT_CONVERSION = YES;
				CLANG_WARN_OBJC_ROOT_CLASS = YES_ERROR;
				CLANG_WARN__DUPLICATE_METHOD_MATCH = YES;
				"CODE_SIGN_IDENTITY[sdk=iphoneos*]" = "iPhone Developer";
				COPY_PHASE_STRIP = YES;
				ENABLE_NS_ASSERTIONS = NO;
				GCC_C_LANGUAGE_STANDARD = gnu99;
				GCC_WARN_64_TO_32_BIT_CONVERSION = YES;
				GCC_WARN_ABOUT_RETURN_TYPE = YES_ERROR;
				GCC_WARN_UNDECLARED_SELECTOR = YES;
				GCC_WARN_UNINITIALIZED_AUTOS = YES_AGGRESSIVE;
				GCC_WARN_UNUSED_FUNCTION = YES;
				GCC_WARN_UNUSED_VARIABLE = YES;
				IPHONEOS_DEPLOYMENT_TARGET = 7.1;
				SDKROOT = iphoneos;
				VALIDATE_PRODUCT = YES;
			};
			name = Release;
		};
		EC1BF48F199B2130009BD2F4 /* Debug */ = {
			isa = XCBuildConfiguration;
			buildSettings = {
				ASSETCATALOG_COMPILER_APPICON_NAME = AppIcon;
				ASSETCATALOG_COMPILER_LAUNCHIMAGE_NAME = LaunchImage;
				GCC_PRECOMPILE_PREFIX_HEADER = YES;
				GCC_PREFIX_HEADER = "Bounty/Bounty-Prefix.pch";
				INFOPLIST_FILE = "Bounty/Bounty-Info.plist";
				PRODUCT_NAME = "$(TARGET_NAME)";
				WRAPPER_EXTENSION = app;
			};
			name = Debug;
		};
		EC1BF490199B2130009BD2F4 /* Release */ = {
			isa = XCBuildConfiguration;
			buildSettings = {
				ASSETCATALOG_COMPILER_APPICON_NAME = AppIcon;
				ASSETCATALOG_COMPILER_LAUNCHIMAGE_NAME = LaunchImage;
				GCC_PRECOMPILE_PREFIX_HEADER = YES;
				GCC_PREFIX_HEADER = "Bounty/Bounty-Prefix.pch";
				INFOPLIST_FILE = "Bounty/Bounty-Info.plist";
				PRODUCT_NAME = "$(TARGET_NAME)";
				WRAPPER_EXTENSION = app;
			};
			name = Release;
		};
		EC1BF492199B2130009BD2F4 /* Debug */ = {
			isa = XCBuildConfiguration;
			buildSettings = {
				BUNDLE_LOADER = "$(BUILT_PRODUCTS_DIR)/Bounty.app/Bounty";
				FRAMEWORK_SEARCH_PATHS = (
					"$(SDKROOT)/Developer/Library/Frameworks",
					"$(inherited)",
					"$(DEVELOPER_FRAMEWORKS_DIR)",
				);
				GCC_PRECOMPILE_PREFIX_HEADER = YES;
				GCC_PREFIX_HEADER = "Bounty/Bounty-Prefix.pch";
				GCC_PREPROCESSOR_DEFINITIONS = (
					"DEBUG=1",
					"$(inherited)",
				);
				INFOPLIST_FILE = "BountyTests/BountyTests-Info.plist";
				PRODUCT_NAME = "$(TARGET_NAME)";
				TEST_HOST = "$(BUNDLE_LOADER)";
				WRAPPER_EXTENSION = xctest;
			};
			name = Debug;
		};
		EC1BF493199B2130009BD2F4 /* Release */ = {
			isa = XCBuildConfiguration;
			buildSettings = {
				BUNDLE_LOADER = "$(BUILT_PRODUCTS_DIR)/Bounty.app/Bounty";
				FRAMEWORK_SEARCH_PATHS = (
					"$(SDKROOT)/Developer/Library/Frameworks",
					"$(inherited)",
					"$(DEVELOPER_FRAMEWORKS_DIR)",
				);
				GCC_PRECOMPILE_PREFIX_HEADER = YES;
				GCC_PREFIX_HEADER = "Bounty/Bounty-Prefix.pch";
				INFOPLIST_FILE = "BountyTests/BountyTests-Info.plist";
				PRODUCT_NAME = "$(TARGET_NAME)";
				TEST_HOST = "$(BUNDLE_LOADER)";
				WRAPPER_EXTENSION = xctest;
			};
			name = Release;
		};
/* End XCBuildConfiguration section */

/* Begin XCConfigurationList section */
		EC1BF457199B2130009BD2F4 /* Build configuration list for PBXProject "Bounty" */ = {
			isa = XCConfigurationList;
			buildConfigurations = (
				EC1BF48C199B2130009BD2F4 /* Debug */,
				EC1BF48D199B2130009BD2F4 /* Release */,
			);
			defaultConfigurationIsVisible = 0;
			defaultConfigurationName = Release;
		};
		EC1BF48E199B2130009BD2F4 /* Build configuration list for PBXNativeTarget "Bounty" */ = {
			isa = XCConfigurationList;
			buildConfigurations = (
				EC1BF48F199B2130009BD2F4 /* Debug */,
				EC1BF490199B2130009BD2F4 /* Release */,
			);
			defaultConfigurationIsVisible = 0;
		};
		EC1BF491199B2130009BD2F4 /* Build configuration list for PBXNativeTarget "BountyTests" */ = {
			isa = XCConfigurationList;
			buildConfigurations = (
				EC1BF492199B2130009BD2F4 /* Debug */,
				EC1BF493199B2130009BD2F4 /* Release */,
			);
			defaultConfigurationIsVisible = 0;
		};
/* End XCConfigurationList section */
	};
	rootObject = EC1BF454199B2130009BD2F4 /* Project object */;
}
